// !$*UTF8*$!
{
	archiveVersion = 1;
	classes = {
	};
	objectVersion = 46;
	objects = {

/* Begin PBXBuildFile section */
		BEF8B3011D43729B00F02669 /* AppDelegate.swift in Sources */ = {isa = PBXBuildFile; fileRef = BEF8B2F21D43729B00F02669 /* AppDelegate.swift */; };
		BEF8B3021D43729B00F02669 /* ViewController.swift in Sources */ = {isa = PBXBuildFile; fileRef = BEF8B2F41D43729B00F02669 /* ViewController.swift */; };
		BEF8B3031D43729B00F02669 /* Assets.xcassets in Resources */ = {isa = PBXBuildFile; fileRef = BEF8B2F91D43729B00F02669 /* Assets.xcassets */; };
		BEF8B3041D43729B00F02669 /* LaunchScreen.storyboard in Resources */ = {isa = PBXBuildFile; fileRef = BEF8B2FB1D43729B00F02669 /* LaunchScreen.storyboard */; };
		BEF8B3051D43729B00F02669 /* Main.storyboard in Resources */ = {isa = PBXBuildFile; fileRef = BEF8B2FD1D43729B00F02669 /* Main.storyboard */; };
		BEF8B30B1D4374B200F02669 /* DrawView.swift in Sources */ = {isa = PBXBuildFile; fileRef = BEF8B30A1D4374B200F02669 /* DrawView.swift */; };
		BEF8B30D1D4374BA00F02669 /* UIColor+Convenience.swift in Sources */ = {isa = PBXBuildFile; fileRef = BEF8B30C1D4374BA00F02669 /* UIColor+Convenience.swift */; };
/* End PBXBuildFile section */

/* Begin PBXFileReference section */
		BEF8B2DA1D43722000F02669 /* DrawOnPic.app */ = {isa = PBXFileReference; explicitFileType = wrapper.application; includeInIndex = 0; path = DrawOnPic.app; sourceTree = BUILT_PRODUCTS_DIR; };
		BEF8B2F21D43729B00F02669 /* AppDelegate.swift */ = {isa = PBXFileReference; fileEncoding = 4; lastKnownFileType = sourcecode.swift; path = AppDelegate.swift; sourceTree = "<group>"; };
		BEF8B2F41D43729B00F02669 /* ViewController.swift */ = {isa = PBXFileReference; fileEncoding = 4; lastKnownFileType = sourcecode.swift; path = ViewController.swift; sourceTree = "<group>"; };
		BEF8B2F91D43729B00F02669 /* Assets.xcassets */ = {isa = PBXFileReference; lastKnownFileType = folder.assetcatalog; path = Assets.xcassets; sourceTree = "<group>"; };
		BEF8B2FC1D43729B00F02669 /* Base */ = {isa = PBXFileReference; lastKnownFileType = file.storyboard; name = Base; path = Base.lproj/LaunchScreen.storyboard; sourceTree = "<group>"; };
		BEF8B2FE1D43729B00F02669 /* Base */ = {isa = PBXFileReference; lastKnownFileType = file.storyboard; name = Base; path = Base.lproj/Main.storyboard; sourceTree = "<group>"; };
		BEF8B3001D43729B00F02669 /* Info.plist */ = {isa = PBXFileReference; fileEncoding = 4; lastKnownFileType = text.plist.xml; path = Info.plist; sourceTree = "<group>"; };
		BEF8B30A1D4374B200F02669 /* DrawView.swift */ = {isa = PBXFileReference; fileEncoding = 4; lastKnownFileType = sourcecode.swift; path = DrawView.swift; sourceTree = "<group>"; };
		BEF8B30C1D4374BA00F02669 /* UIColor+Convenience.swift */ = {isa = PBXFileReference; fileEncoding = 4; lastKnownFileType = sourcecode.swift; path = "UIColor+Convenience.swift"; sourceTree = "<group>"; };
/* End PBXFileReference section */

/* Begin PBXFrameworksBuildPhase section */
		BEF8B2D71D43722000F02669 /* Frameworks */ = {
			isa = PBXFrameworksBuildPhase;
			buildActionMask = 2147483647;
			files = (
			);
			runOnlyForDeploymentPostprocessing = 0;
		};
/* End PBXFrameworksBuildPhase section */

/* Begin PBXGroup section */
		BEF8B2D11D43722000F02669 = {
			isa = PBXGroup;
			children = (
				BEF8B2EF1D43729B00F02669 /* DrawOnPic */,
				BEF8B2DB1D43722000F02669 /* Products */,
			);
			sourceTree = "<group>";
		};
		BEF8B2DB1D43722000F02669 /* Products */ = {
			isa = PBXGroup;
			children = (
				BEF8B2DA1D43722000F02669 /* DrawOnPic.app */,
			);
			name = Products;
			sourceTree = "<group>";
		};
		BEF8B2EF1D43729B00F02669 /* DrawOnPic */ = {
			isa = PBXGroup;
			children = (
				BEF8B2F01D43729B00F02669 /* Classes */,
				BEF8B2F71D43729B00F02669 /* Resources */,
				BEF8B2FF1D43729B00F02669 /* Supporting Files */,
			);
			path = DrawOnPic;
			sourceTree = "<group>";
		};
		BEF8B2F01D43729B00F02669 /* Classes */ = {
			isa = PBXGroup;
			children = (
				BEF8B2F11D43729B00F02669 /* AppDelegate */,
				BEF8B2F31D43729B00F02669 /* Controllers */,
				BEF8B2F51D43729B00F02669 /* Helpers */,
				BEF8B2F61D43729B00F02669 /* Views */,
				BEF8B3071D43744F00F02669 /* DrawView */,
			);
			path = Classes;
			sourceTree = "<group>";
		};
		BEF8B2F11D43729B00F02669 /* AppDelegate */ = {
			isa = PBXGroup;
			children = (
				BEF8B2F21D43729B00F02669 /* AppDelegate.swift */,
			);
			path = AppDelegate;
			sourceTree = "<group>";
		};
		BEF8B2F31D43729B00F02669 /* Controllers */ = {
			isa = PBXGroup;
			children = (
				BEF8B2F41D43729B00F02669 /* ViewController.swift */,
			);
			path = Controllers;
			sourceTree = "<group>";
		};
		BEF8B2F51D43729B00F02669 /* Helpers */ = {
			isa = PBXGroup;
			children = (
				BEF8B30C1D4374BA00F02669 /* UIColor+Convenience.swift */,
			);
			path = Helpers;
			sourceTree = "<group>";
		};
		BEF8B2F61D43729B00F02669 /* Views */ = {
			isa = PBXGroup;
			children = (
			);
			path = Views;
			sourceTree = "<group>";
		};
		BEF8B2F71D43729B00F02669 /* Resources */ = {
			isa = PBXGroup;
			children = (
				BEF8B2F81D43729B00F02669 /* Images */,
				BEF8B2FA1D43729B00F02669 /* NIBs */,
			);
			path = Resources;
			sourceTree = "<group>";
		};
		BEF8B2F81D43729B00F02669 /* Images */ = {
			isa = PBXGroup;
			children = (
				BEF8B2F91D43729B00F02669 /* Assets.xcassets */,
			);
			path = Images;
			sourceTree = "<group>";
		};
		BEF8B2FA1D43729B00F02669 /* NIBs */ = {
			isa = PBXGroup;
			children = (
				BEF8B2FB1D43729B00F02669 /* LaunchScreen.storyboard */,
				BEF8B2FD1D43729B00F02669 /* Main.storyboard */,
			);
			path = NIBs;
			sourceTree = "<group>";
		};
		BEF8B2FF1D43729B00F02669 /* Supporting Files */ = {
			isa = PBXGroup;
			children = (
				BEF8B3001D43729B00F02669 /* Info.plist */,
			);
			path = "Supporting Files";
			sourceTree = "<group>";
		};
		BEF8B3071D43744F00F02669 /* DrawView */ = {
			isa = PBXGroup;
			children = (
				BEF8B30A1D4374B200F02669 /* DrawView.swift */,
			);
			path = DrawView;
			sourceTree = "<group>";
		};
/* End PBXGroup section */

/* Begin PBXNativeTarget section */
		BEF8B2D91D43722000F02669 /* DrawOnPic */ = {
			isa = PBXNativeTarget;
			buildConfigurationList = BEF8B2EC1D43722000F02669 /* Build configuration list for PBXNativeTarget "DrawOnPic" */;
			buildPhases = (
				BEF8B2D61D43722000F02669 /* Sources */,
				BEF8B2D71D43722000F02669 /* Frameworks */,
				BEF8B2D81D43722000F02669 /* Resources */,
			);
			buildRules = (
			);
			dependencies = (
			);
			name = DrawOnPic;
			productName = DrawOnPic;
			productReference = BEF8B2DA1D43722000F02669 /* DrawOnPic.app */;
			productType = "com.apple.product-type.application";
		};
/* End PBXNativeTarget section */

/* Begin PBXProject section */
		BEF8B2D21D43722000F02669 /* Project object */ = {
			isa = PBXProject;
			attributes = {
				LastSwiftUpdateCheck = 0730;
				LastUpgradeCheck = 0730;
				ORGANIZATIONNAME = "Paul Jarysta";
				TargetAttributes = {
					BEF8B2D91D43722000F02669 = {
						CreatedOnToolsVersion = 7.3.1;
					};
				};
			};
			buildConfigurationList = BEF8B2D51D43722000F02669 /* Build configuration list for PBXProject "DrawOnPic" */;
			compatibilityVersion = "Xcode 3.2";
			developmentRegion = English;
			hasScannedForEncodings = 0;
			knownRegions = (
				en,
				Base,
			);
			mainGroup = BEF8B2D11D43722000F02669;
			productRefGroup = BEF8B2DB1D43722000F02669 /* Products */;
			projectDirPath = "";
			projectRoot = "";
			targets = (
				BEF8B2D91D43722000F02669 /* DrawOnPic */,
			);
		};
/* End PBXProject section */

/* Begin PBXResourcesBuildPhase section */
		BEF8B2D81D43722000F02669 /* Resources */ = {
			isa = PBXResourcesBuildPhase;
			buildActionMask = 2147483647;
			files = (
				BEF8B3051D43729B00F02669 /* Main.storyboard in Resources */,
				BEF8B3031D43729B00F02669 /* Assets.xcassets in Resources */,
				BEF8B3041D43729B00F02669 /* LaunchScreen.storyboard in Resources */,
			);
			runOnlyForDeploymentPostprocessing = 0;
		};
/* End PBXResourcesBuildPhase section */

/* Begin PBXSourcesBuildPhase section */
		BEF8B2D61D43722000F02669 /* Sources */ = {
			isa = PBXSourcesBuildPhase;
			buildActionMask = 2147483647;
			files = (
				BEF8B3021D43729B00F02669 /* ViewController.swift in Sources */,
				BEF8B30D1D4374BA00F02669 /* UIColor+Convenience.swift in Sources */,
				BEF8B3011D43729B00F02669 /* AppDelegate.swift in Sources */,
				BEF8B30B1D4374B200F02669 /* DrawView.swift in Sources */,
			);
			runOnlyForDeploymentPostprocessing = 0;
		};
/* End PBXSourcesBuildPhase section */

/* Begin PBXVariantGroup section */
		BEF8B2FB1D43729B00F02669 /* LaunchScreen.storyboard */ = {
			isa = PBXVariantGroup;
			children = (
				BEF8B2FC1D43729B00F02669 /* Base */,
			);
			name = LaunchScreen.storyboard;
			sourceTree = "<group>";
		};
		BEF8B2FD1D43729B00F02669 /* Main.storyboard */ = {
			isa = PBXVariantGroup;
			children = (
				BEF8B2FE1D43729B00F02669 /* Base */,
			);
			name = Main.storyboard;
			sourceTree = "<group>";
		};
/* End PBXVariantGroup section */

/* Begin XCBuildConfiguration section */
		BEF8B2EA1D43722000F02669 /* Debug */ = {
			isa = XCBuildConfiguration;
			buildSettings = {
				ALWAYS_SEARCH_USER_PATHS = NO;
				CLANG_ANALYZER_NONNULL = YES;
				CLANG_CXX_LANGUAGE_STANDARD = "gnu++0x";
				CLANG_CXX_LIBRARY = "libc++";
				CLANG_ENABLE_MODULES = YES;
				CLANG_ENABLE_OBJC_ARC = YES;
				CLANG_WARN_BOOL_CONVERSION = YES;
				CLANG_WARN_CONSTANT_CONVERSION = YES;
				CLANG_WARN_DIRECT_OBJC_ISA_USAGE = YES_ERROR;
				CLANG_WARN_EMPTY_BODY = YES;
				CLANG_WARN_ENUM_CONVERSION = YES;
				CLANG_WARN_INT_CONVERSION = YES;
				CLANG_WARN_OBJC_ROOT_CLASS = YES_ERROR;
				CLANG_WARN_UNREACHABLE_CODE = YES;
				CLANG_WARN__DUPLICATE_METHOD_MATCH = YES;
				"CODE_SIGN_IDENTITY[sdk=iphoneos*]" = "iPhone Developer";
				COPY_PHASE_STRIP = NO;
				DEBUG_INFORMATION_FORMAT = dwarf;
				ENABLE_STRICT_OBJC_MSGSEND = YES;
				ENABLE_TESTABILITY = YES;
				GCC_C_LANGUAGE_STANDARD = gnu99;
				GCC_DYNAMIC_NO_PIC = NO;
				GCC_NO_COMMON_BLOCKS = YES;
				GCC_OPTIMIZATION_LEVEL = 0;
				GCC_PREPROCESSOR_DEFINITIONS = (
					"DEBUG=1",
					"$(inherited)",
				);
				GCC_WARN_64_TO_32_BIT_CONVERSION = YES;
				GCC_WARN_ABOUT_RETURN_TYPE = YES_ERROR;
				GCC_WARN_UNDECLARED_SELECTOR = YES;
				GCC_WARN_UNINITIALIZED_AUTOS = YES_AGGRESSIVE;
				GCC_WARN_UNUSED_FUNCTION = YES;
				GCC_WARN_UNUSED_VARIABLE = YES;
				IPHONEOS_DEPLOYMENT_TARGET = 9.3;
				MTL_ENABLE_DEBUG_INFO = YES;
				ONLY_ACTIVE_ARCH = YES;
				SDKROOT = iphoneos;
				SWIFT_OPTIMIZATION_LEVEL = "-Onone";
			};
			name = Debug;
		};
		BEF8B2EB1D43722000F02669 /* Release */ = {
			isa = XCBuildConfiguration;
			buildSettings = {
				ALWAYS_SEARCH_USER_PATHS = NO;
				CLANG_ANALYZER_NONNULL = YES;
				CLANG_CXX_LANGUAGE_STANDARD = "gnu++0x";
				CLANG_CXX_LIBRARY = "libc++";
				CLANG_ENABLE_MODULES = YES;
				CLANG_ENABLE_OBJC_ARC = YES;
				CLANG_WARN_BOOL_CONVERSION = YES;
				CLANG_WARN_CONSTANT_CONVERSION = YES;
				CLANG_WARN_DIRECT_OBJC_ISA_USAGE = YES_ERROR;
				CLANG_WARN_EMPTY_BODY = YES;
				CLANG_WARN_ENUM_CONVERSION = YES;
				CLANG_WARN_INT_CONVERSION = YES;
				CLANG_WARN_OBJC_ROOT_CLASS = YES_ERROR;
				CLANG_WARN_UNREACHABLE_CODE = YES;
				CLANG_WARN__DUPLICATE_METHOD_MATCH = YES;
				"CODE_SIGN_IDENTITY[sdk=iphoneos*]" = "iPhone Developer";
				COPY_PHASE_STRIP = NO;
				DEBUG_INFORMATION_FORMAT = "dwarf-with-dsym";
				ENABLE_NS_ASSERTIONS = NO;
				ENABLE_STRICT_OBJC_MSGSEND = YES;
				GCC_C_LANGUAGE_STANDARD = gnu99;
				GCC_NO_COMMON_BLOCKS = YES;
				GCC_WARN_64_TO_32_BIT_CONVERSION = YES;
				GCC_WARN_ABOUT_RETURN_TYPE = YES_ERROR;
				GCC_WARN_UNDECLARED_SELECTOR = YES;
				GCC_WARN_UNINITIALIZED_AUTOS = YES_AGGRESSIVE;
				GCC_WARN_UNUSED_FUNCTION = YES;
				GCC_WARN_UNUSED_VARIABLE = YES;
				IPHONEOS_DEPLOYMENT_TARGET = 9.3;
				MTL_ENABLE_DEBUG_INFO = NO;
				SDKROOT = iphoneos;
				VALIDATE_PRODUCT = YES;
			};
			name = Release;
		};
		BEF8B2ED1D43722000F02669 /* Debug */ = {
			isa = XCBuildConfiguration;
			buildSettings = {
				ASSETCATALOG_COMPILER_APPICON_NAME = AppIcon;
				INFOPLIST_FILE = "$(SRCROOT)/DrawOnPic/Supporting Files/Info.plist";
				IPHONEOS_DEPLOYMENT_TARGET = 9.0;
				LD_RUNPATH_SEARCH_PATHS = "$(inherited) @executable_path/Frameworks";
				PRODUCT_BUNDLE_IDENTIFIER = com.pauljarysta.DrawOnPic;
				PRODUCT_NAME = "$(TARGET_NAME)";
				TARGETED_DEVICE_FAMILY = "1,2";
			};
			name = Debug;
		};
		BEF8B2EE1D43722000F02669 /* Release */ = {
			isa = XCBuildConfiguration;
			buildSettings = {
				ASSETCATALOG_COMPILER_APPICON_NAME = AppIcon;
				INFOPLIST_FILE = "$(SRCROOT)/DrawOnPic/Supporting Files/Info.plist";
				IPHONEOS_DEPLOYMENT_TARGET = 9.0;
				LD_RUNPATH_SEARCH_PATHS = "$(inherited) @executable_path/Frameworks";
				PRODUCT_BUNDLE_IDENTIFIER = com.pauljarysta.DrawOnPic;
				PRODUCT_NAME = "$(TARGET_NAME)";
				TARGETED_DEVICE_FAMILY = "1,2";
			};
			name = Release;
		};
/* End XCBuildConfiguration section */

/* Begin XCConfigurationList section */
		BEF8B2D51D43722000F02669 /* Build configuration list for PBXProject "DrawOnPic" */ = {
			isa = XCConfigurationList;
			buildConfigurations = (
				BEF8B2EA1D43722000F02669 /* Debug */,
				BEF8B2EB1D43722000F02669 /* Release */,
			);
			defaultConfigurationIsVisible = 0;
			defaultConfigurationName = Release;
		};
		BEF8B2EC1D43722000F02669 /* Build configuration list for PBXNativeTarget "DrawOnPic" */ = {
			isa = XCConfigurationList;
			buildConfigurations = (
				BEF8B2ED1D43722000F02669 /* Debug */,
				BEF8B2EE1D43722000F02669 /* Release */,
			);
			defaultConfigurationIsVisible = 0;
			defaultConfigurationName = Release;
		};
/* End XCConfigurationList section */
	};
	rootObject = BEF8B2D21D43722000F02669 /* Project object */;
}
